// !$*UTF8*$!
{
	archiveVersion = 1;
	classes = {
	};
	objectVersion = 50;
	objects = {

/* Begin PBXBuildFile section */
		3280876321465E8600FB2C26 /* AppDelegate.swift in Sources */ = {isa = PBXBuildFile; fileRef = 3280876221465E8600FB2C26 /* AppDelegate.swift */; };
		3280876521465E8600FB2C26 /* ViewController.swift in Sources */ = {isa = PBXBuildFile; fileRef = 3280876421465E8600FB2C26 /* ViewController.swift */; };
		3280876821465E8600FB2C26 /* Main.storyboard in Resources */ = {isa = PBXBuildFile; fileRef = 3280876621465E8600FB2C26 /* Main.storyboard */; };
		3280876A21465E8700FB2C26 /* Assets.xcassets in Resources */ = {isa = PBXBuildFile; fileRef = 3280876921465E8700FB2C26 /* Assets.xcassets */; };
		3280876D21465E8700FB2C26 /* LaunchScreen.storyboard in Resources */ = {isa = PBXBuildFile; fileRef = 3280876B21465E8700FB2C26 /* LaunchScreen.storyboard */; };
		3280877821465E8700FB2C26 /* SimplePhotoBrowserTests.swift in Sources */ = {isa = PBXBuildFile; fileRef = 3280877721465E8700FB2C26 /* SimplePhotoBrowserTests.swift */; };
		3280878321465E8700FB2C26 /* SimplePhotoBrowserUITests.swift in Sources */ = {isa = PBXBuildFile; fileRef = 3280878221465E8700FB2C26 /* SimplePhotoBrowserUITests.swift */; };
		328087912146609100FB2C26 /* samplePhoto.jpeg in Resources */ = {isa = PBXBuildFile; fileRef = 328087902146609100FB2C26 /* samplePhoto.jpeg */; };
/* End PBXBuildFile section */

/* Begin PBXContainerItemProxy section */
		3280877421465E8700FB2C26 /* PBXContainerItemProxy */ = {
			isa = PBXContainerItemProxy;
			containerPortal = 3280875721465E8600FB2C26 /* Project object */;
			proxyType = 1;
			remoteGlobalIDString = 3280875E21465E8600FB2C26;
			remoteInfo = SimplePhotoBrowser;
		};
		3280877F21465E8700FB2C26 /* PBXContainerItemProxy */ = {
			isa = PBXContainerItemProxy;
			containerPortal = 3280875721465E8600FB2C26 /* Project object */;
			proxyType = 1;
			remoteGlobalIDString = 3280875E21465E8600FB2C26;
			remoteInfo = SimplePhotoBrowser;
		};
/* End PBXContainerItemProxy section */

/* Begin PBXFileReference section */
		3280875F21465E8600FB2C26 /* SimplePhotoBrowser.app */ = {isa = PBXFileReference; explicitFileType = wrapper.application; includeInIndex = 0; path = SimplePhotoBrowser.app; sourceTree = BUILT_PRODUCTS_DIR; };
		3280876221465E8600FB2C26 /* AppDelegate.swift */ = {isa = PBXFileReference; lastKnownFileType = sourcecode.swift; path = AppDelegate.swift; sourceTree = "<group>"; };
		3280876421465E8600FB2C26 /* ViewController.swift */ = {isa = PBXFileReference; lastKnownFileType = sourcecode.swift; path = ViewController.swift; sourceTree = "<group>"; };
		3280876721465E8600FB2C26 /* Base */ = {isa = PBXFileReference; lastKnownFileType = file.storyboard; name = Base; path = Base.lproj/Main.storyboard; sourceTree = "<group>"; };
		3280876921465E8700FB2C26 /* Assets.xcassets */ = {isa = PBXFileReference; lastKnownFileType = folder.assetcatalog; path = Assets.xcassets; sourceTree = "<group>"; };
		3280876C21465E8700FB2C26 /* Base */ = {isa = PBXFileReference; lastKnownFileType = file.storyboard; name = Base; path = Base.lproj/LaunchScreen.storyboard; sourceTree = "<group>"; };
		3280876E21465E8700FB2C26 /* Info.plist */ = {isa = PBXFileReference; lastKnownFileType = text.plist.xml; path = Info.plist; sourceTree = "<group>"; };
		3280877321465E8700FB2C26 /* SimplePhotoBrowserTests.xctest */ = {isa = PBXFileReference; explicitFileType = wrapper.cfbundle; includeInIndex = 0; path = SimplePhotoBrowserTests.xctest; sourceTree = BUILT_PRODUCTS_DIR; };
		3280877721465E8700FB2C26 /* SimplePhotoBrowserTests.swift */ = {isa = PBXFileReference; lastKnownFileType = sourcecode.swift; path = SimplePhotoBrowserTests.swift; sourceTree = "<group>"; };
		3280877921465E8700FB2C26 /* Info.plist */ = {isa = PBXFileReference; lastKnownFileType = text.plist.xml; path = Info.plist; sourceTree = "<group>"; };
		3280877E21465E8700FB2C26 /* SimplePhotoBrowserUITests.xctest */ = {isa = PBXFileReference; explicitFileType = wrapper.cfbundle; includeInIndex = 0; path = SimplePhotoBrowserUITests.xctest; sourceTree = BUILT_PRODUCTS_DIR; };
		3280878221465E8700FB2C26 /* SimplePhotoBrowserUITests.swift */ = {isa = PBXFileReference; lastKnownFileType = sourcecode.swift; path = SimplePhotoBrowserUITests.swift; sourceTree = "<group>"; };
		3280878421465E8700FB2C26 /* Info.plist */ = {isa = PBXFileReference; lastKnownFileType = text.plist.xml; path = Info.plist; sourceTree = "<group>"; };
		328087902146609100FB2C26 /* samplePhoto.jpeg */ = {isa = PBXFileReference; lastKnownFileType = image.jpeg; path = samplePhoto.jpeg; sourceTree = "<group>"; };
/* End PBXFileReference section */

/* Begin PBXFrameworksBuildPhase section */
		3280875C21465E8600FB2C26 /* Frameworks */ = {
			isa = PBXFrameworksBuildPhase;
			buildActionMask = 2147483647;
			files = (
			);
			runOnlyForDeploymentPostprocessing = 0;
		};
		3280877021465E8700FB2C26 /* Frameworks */ = {
			isa = PBXFrameworksBuildPhase;
			buildActionMask = 2147483647;
			files = (
			);
			runOnlyForDeploymentPostprocessing = 0;
		};
		3280877B21465E8700FB2C26 /* Frameworks */ = {
			isa = PBXFrameworksBuildPhase;
			buildActionMask = 2147483647;
			files = (
			);
			runOnlyForDeploymentPostprocessing = 0;
		};
/* End PBXFrameworksBuildPhase section */

/* Begin PBXGroup section */
		3280875621465E8600FB2C26 = {
			isa = PBXGroup;
			children = (
				3280876121465E8600FB2C26 /* SimplePhotoBrowser */,
				3280877621465E8700FB2C26 /* SimplePhotoBrowserTests */,
				3280878121465E8700FB2C26 /* SimplePhotoBrowserUITests */,
				3280876021465E8600FB2C26 /* Products */,
			);
			sourceTree = "<group>";
		};
		3280876021465E8600FB2C26 /* Products */ = {
			isa = PBXGroup;
			children = (
				3280875F21465E8600FB2C26 /* SimplePhotoBrowser.app */,
				3280877321465E8700FB2C26 /* SimplePhotoBrowserTests.xctest */,
				3280877E21465E8700FB2C26 /* SimplePhotoBrowserUITests.xctest */,
			);
			name = Products;
			sourceTree = "<group>";
		};
		3280876121465E8600FB2C26 /* SimplePhotoBrowser */ = {
			isa = PBXGroup;
			children = (
				328087902146609100FB2C26 /* samplePhoto.jpeg */,
				3280876221465E8600FB2C26 /* AppDelegate.swift */,
				3280876421465E8600FB2C26 /* ViewController.swift */,
				3280876621465E8600FB2C26 /* Main.storyboard */,
				3280876921465E8700FB2C26 /* Assets.xcassets */,
				3280876B21465E8700FB2C26 /* LaunchScreen.storyboard */,
				3280876E21465E8700FB2C26 /* Info.plist */,
			);
			path = SimplePhotoBrowser;
			sourceTree = "<group>";
		};
		3280877621465E8700FB2C26 /* SimplePhotoBrowserTests */ = {
			isa = PBXGroup;
			children = (
				3280877721465E8700FB2C26 /* SimplePhotoBrowserTests.swift */,
				3280877921465E8700FB2C26 /* Info.plist */,
			);
			path = SimplePhotoBrowserTests;
			sourceTree = "<group>";
		};
		3280878121465E8700FB2C26 /* SimplePhotoBrowserUITests */ = {
			isa = PBXGroup;
			children = (
				3280878221465E8700FB2C26 /* SimplePhotoBrowserUITests.swift */,
				3280878421465E8700FB2C26 /* Info.plist */,
			);
			path = SimplePhotoBrowserUITests;
			sourceTree = "<group>";
		};
/* End PBXGroup section */

/* Begin PBXNativeTarget section */
		3280875E21465E8600FB2C26 /* SimplePhotoBrowser */ = {
			isa = PBXNativeTarget;
			buildConfigurationList = 3280878721465E8700FB2C26 /* Build configuration list for PBXNativeTarget "SimplePhotoBrowser" */;
			buildPhases = (
				3280875B21465E8600FB2C26 /* Sources */,
				3280875C21465E8600FB2C26 /* Frameworks */,
				3280875D21465E8600FB2C26 /* Resources */,
			);
			buildRules = (
			);
			dependencies = (
			);
			name = SimplePhotoBrowser;
			productName = SimplePhotoBrowser;
			productReference = 3280875F21465E8600FB2C26 /* SimplePhotoBrowser.app */;
			productType = "com.apple.product-type.application";
		};
		3280877221465E8700FB2C26 /* SimplePhotoBrowserTests */ = {
			isa = PBXNativeTarget;
			buildConfigurationList = 3280878A21465E8700FB2C26 /* Build configuration list for PBXNativeTarget "SimplePhotoBrowserTests" */;
			buildPhases = (
				3280876F21465E8700FB2C26 /* Sources */,
				3280877021465E8700FB2C26 /* Frameworks */,
				3280877121465E8700FB2C26 /* Resources */,
			);
			buildRules = (
			);
			dependencies = (
				3280877521465E8700FB2C26 /* PBXTargetDependency */,
			);
			name = SimplePhotoBrowserTests;
			productName = SimplePhotoBrowserTests;
			productReference = 3280877321465E8700FB2C26 /* SimplePhotoBrowserTests.xctest */;
			productType = "com.apple.product-type.bundle.unit-test";
		};
		3280877D21465E8700FB2C26 /* SimplePhotoBrowserUITests */ = {
			isa = PBXNativeTarget;
			buildConfigurationList = 3280878D21465E8700FB2C26 /* Build configuration list for PBXNativeTarget "SimplePhotoBrowserUITests" */;
			buildPhases = (
				3280877A21465E8700FB2C26 /* Sources */,
				3280877B21465E8700FB2C26 /* Frameworks */,
				3280877C21465E8700FB2C26 /* Resources */,
			);
			buildRules = (
			);
			dependencies = (
				3280878021465E8700FB2C26 /* PBXTargetDependency */,
			);
			name = SimplePhotoBrowserUITests;
			productName = SimplePhotoBrowserUITests;
			productReference = 3280877E21465E8700FB2C26 /* SimplePhotoBrowserUITests.xctest */;
			productType = "com.apple.product-type.bundle.ui-testing";
		};
/* End PBXNativeTarget section */

/* Begin PBXProject section */
		3280875721465E8600FB2C26 /* Project object */ = {
			isa = PBXProject;
			attributes = {
				LastSwiftUpdateCheck = 0940;
				LastUpgradeCheck = 0940;
				ORGANIZATIONNAME = wangbo;
				TargetAttributes = {
					3280875E21465E8600FB2C26 = {
						CreatedOnToolsVersion = 9.4.1;
					};
					3280877221465E8700FB2C26 = {
						CreatedOnToolsVersion = 9.4.1;
						TestTargetID = 3280875E21465E8600FB2C26;
					};
					3280877D21465E8700FB2C26 = {
						CreatedOnToolsVersion = 9.4.1;
						TestTargetID = 3280875E21465E8600FB2C26;
					};
				};
			};
			buildConfigurationList = 3280875A21465E8600FB2C26 /* Build configuration list for PBXProject "SimplePhotoBrowser" */;
			compatibilityVersion = "Xcode 9.3";
			developmentRegion = en;
			hasScannedForEncodings = 0;
			knownRegions = (
				en,
				Base,
			);
			mainGroup = 3280875621465E8600FB2C26;
			productRefGroup = 3280876021465E8600FB2C26 /* Products */;
			projectDirPath = "";
			projectRoot = "";
			targets = (
				3280875E21465E8600FB2C26 /* SimplePhotoBrowser */,
				3280877221465E8700FB2C26 /* SimplePhotoBrowserTests */,
				3280877D21465E8700FB2C26 /* SimplePhotoBrowserUITests */,
			);
		};
/* End PBXProject section */

/* Begin PBXResourcesBuildPhase section */
		3280875D21465E8600FB2C26 /* Resources */ = {
			isa = PBXResourcesBuildPhase;
			buildActionMask = 2147483647;
			files = (
				328087912146609100FB2C26 /* samplePhoto.jpeg in Resources */,
				3280876D21465E8700FB2C26 /* LaunchScreen.storyboard in Resources */,
				3280876A21465E8700FB2C26 /* Assets.xcassets in Resources */,
				3280876821465E8600FB2C26 /* Main.storyboard in Resources */,
			);
			runOnlyForDeploymentPostprocessing = 0;
		};
		3280877121465E8700FB2C26 /* Resources */ = {
			isa = PBXResourcesBuildPhase;
			buildActionMask = 2147483647;
			files = (
			);
			runOnlyForDeploymentPostprocessing = 0;
		};
		3280877C21465E8700FB2C26 /* Resources */ = {
			isa = PBXResourcesBuildPhase;
			buildActionMask = 2147483647;
			files = (
			);
			runOnlyForDeploymentPostprocessing = 0;
		};
/* End PBXResourcesBuildPhase section */

/* Begin PBXSourcesBuildPhase section */
		3280875B21465E8600FB2C26 /* Sources */ = {
			isa = PBXSourcesBuildPhase;
			buildActionMask = 2147483647;
			files = (
				3280876521465E8600FB2C26 /* ViewController.swift in Sources */,
				3280876321465E8600FB2C26 /* AppDelegate.swift in Sources */,
			);
			runOnlyForDeploymentPostprocessing = 0;
		};
		3280876F21465E8700FB2C26 /* Sources */ = {
			isa = PBXSourcesBuildPhase;
			buildActionMask = 2147483647;
			files = (
				3280877821465E8700FB2C26 /* SimplePhotoBrowserTests.swift in Sources */,
			);
			runOnlyForDeploymentPostprocessing = 0;
		};
		3280877A21465E8700FB2C26 /* Sources */ = {
			isa = PBXSourcesBuildPhase;
			buildActionMask = 2147483647;
			files = (
				3280878321465E8700FB2C26 /* SimplePhotoBrowserUITests.swift in Sources */,
			);
			runOnlyForDeploymentPostprocessing = 0;
		};
/* End PBXSourcesBuildPhase section */

/* Begin PBXTargetDependency section */
		3280877521465E8700FB2C26 /* PBXTargetDependency */ = {
			isa = PBXTargetDependency;
			target = 3280875E21465E8600FB2C26 /* SimplePhotoBrowser */;
			targetProxy = 3280877421465E8700FB2C26 /* PBXContainerItemProxy */;
		};
		3280878021465E8700FB2C26 /* PBXTargetDependency */ = {
			isa = PBXTargetDependency;
			target = 3280875E21465E8600FB2C26 /* SimplePhotoBrowser */;
			targetProxy = 3280877F21465E8700FB2C26 /* PBXContainerItemProxy */;
		};
/* End PBXTargetDependency section */

/* Begin PBXVariantGroup section */
		3280876621465E8600FB2C26 /* Main.storyboard */ = {
			isa = PBXVariantGroup;
			children = (
				3280876721465E8600FB2C26 /* Base */,
			);
			name = Main.storyboard;
			sourceTree = "<group>";
		};
		3280876B21465E8700FB2C26 /* LaunchScreen.storyboard */ = {
			isa = PBXVariantGroup;
			children = (
				3280876C21465E8700FB2C26 /* Base */,
			);
			name = LaunchScreen.storyboard;
			sourceTree = "<group>";
		};
/* End PBXVariantGroup section */

/* Begin XCBuildConfiguration section */
		3280878521465E8700FB2C26 /* Debug */ = {
			isa = XCBuildConfiguration;
			buildSettings = {
				ALWAYS_SEARCH_USER_PATHS = NO;
				CLANG_ANALYZER_NONNULL = YES;
				CLANG_ANALYZER_NUMBER_OBJECT_CONVERSION = YES_AGGRESSIVE;
				CLANG_CXX_LANGUAGE_STANDARD = "gnu++14";
				CLANG_CXX_LIBRARY = "libc++";
				CLANG_ENABLE_MODULES = YES;
				CLANG_ENABLE_OBJC_ARC = YES;
				CLANG_ENABLE_OBJC_WEAK = YES;
				CLANG_WARN_BLOCK_CAPTURE_AUTORELEASING = YES;
				CLANG_WARN_BOOL_CONVERSION = YES;
				CLANG_WARN_COMMA = YES;
				CLANG_WARN_CONSTANT_CONVERSION = YES;
				CLANG_WARN_DEPRECATED_OBJC_IMPLEMENTATIONS = YES;
				CLANG_WARN_DIRECT_OBJC_ISA_USAGE = YES_ERROR;
				CLANG_WARN_DOCUMENTATION_COMMENTS = YES;
				CLANG_WARN_EMPTY_BODY = YES;
				CLANG_WARN_ENUM_CONVERSION = YES;
				CLANG_WARN_INFINITE_RECURSION = YES;
				CLANG_WARN_INT_CONVERSION = YES;
				CLANG_WARN_NON_LITERAL_NULL_CONVERSION = YES;
				CLANG_WARN_OBJC_IMPLICIT_RETAIN_SELF = YES;
				CLANG_WARN_OBJC_LITERAL_CONVERSION = YES;
				CLANG_WARN_OBJC_ROOT_CLASS = YES_ERROR;
				CLANG_WARN_RANGE_LOOP_ANALYSIS = YES;
				CLANG_WARN_STRICT_PROTOTYPES = YES;
				CLANG_WARN_SUSPICIOUS_MOVE = YES;
				CLANG_WARN_UNGUARDED_AVAILABILITY = YES_AGGRESSIVE;
				CLANG_WARN_UNREACHABLE_CODE = YES;
				CLANG_WARN__DUPLICATE_METHOD_MATCH = YES;
				CODE_SIGN_IDENTITY = "iPhone Developer";
				COPY_PHASE_STRIP = NO;
				DEBUG_INFORMATION_FORMAT = dwarf;
				ENABLE_STRICT_OBJC_MSGSEND = YES;
				ENABLE_TESTABILITY = YES;
				GCC_C_LANGUAGE_STANDARD = gnu11;
				GCC_DYNAMIC_NO_PIC = NO;
				GCC_NO_COMMON_BLOCKS = YES;
				GCC_OPTIMIZATION_LEVEL = 0;
				GCC_PREPROCESSOR_DEFINITIONS = (
					"DEBUG=1",
					"$(inherited)",
				);
				GCC_WARN_64_TO_32_BIT_CONVERSION = YES;
				GCC_WARN_ABOUT_RETURN_TYPE = YES_ERROR;
				GCC_WARN_UNDECLARED_SELECTOR = YES;
				GCC_WARN_UNINITIALIZED_AUTOS = YES_AGGRESSIVE;
				GCC_WARN_UNUSED_FUNCTION = YES;
				GCC_WARN_UNUSED_VARIABLE = YES;
				IPHONEOS_DEPLOYMENT_TARGET = 11.4;
				MTL_ENABLE_DEBUG_INFO = YES;
				ONLY_ACTIVE_ARCH = YES;
				SDKROOT = iphoneos;
				SWIFT_ACTIVE_COMPILATION_CONDITIONS = DEBUG;
				SWIFT_OPTIMIZATION_LEVEL = "-Onone";
			};
			name = Debug;
		};
		3280878621465E8700FB2C26 /* Release */ = {
			isa = XCBuildConfiguration;
			buildSettings = {
				ALWAYS_SEARCH_USER_PATHS = NO;
				CLANG_ANALYZER_NONNULL = YES;
				CLANG_ANALYZER_NUMBER_OBJECT_CONVERSION = YES_AGGRESSIVE;
				CLANG_CXX_LANGUAGE_STANDARD = "gnu++14";
				CLANG_CXX_LIBRARY = "libc++";
				CLANG_ENABLE_MODULES = YES;
				CLANG_ENABLE_OBJC_ARC = YES;
				CLANG_ENABLE_OBJC_WEAK = YES;
				CLANG_WARN_BLOCK_CAPTURE_AUTORELEASING = YES;
				CLANG_WARN_BOOL_CONVERSION = YES;
				CLANG_WARN_COMMA = YES;
				CLANG_WARN_CONSTANT_CONVERSION = YES;
				CLANG_WARN_DEPRECATED_OBJC_IMPLEMENTATIONS = YES;
				CLANG_WARN_DIRECT_OBJC_ISA_USAGE = YES_ERROR;
				CLANG_WARN_DOCUMENTATION_COMMENTS = YES;
				CLANG_WARN_EMPTY_BODY = YES;
				CLANG_WARN_ENUM_CONVERSION = YES;
				CLANG_WARN_INFINITE_RECURSION = YES;
				CLANG_WARN_INT_CONVERSION = YES;
				CLANG_WARN_NON_LITERAL_NULL_CONVERSION = YES;
				CLANG_WARN_OBJC_IMPLICIT_RETAIN_SELF = YES;
				CLANG_WARN_OBJC_LITERAL_CONVERSION = YES;
				CLANG_WARN_OBJC_ROOT_CLASS = YES_ERROR;
				CLANG_WARN_RANGE_LOOP_ANALYSIS = YES;
				CLANG_WARN_STRICT_PROTOTYPES = YES;
				CLANG_WARN_SUSPICIOUS_MOVE = YES;
				CLANG_WARN_UNGUARDED_AVAILABILITY = YES_AGGRESSIVE;
				CLANG_WARN_UNREACHABLE_CODE = YES;
				CLANG_WARN__DUPLICATE_METHOD_MATCH = YES;
				CODE_SIGN_IDENTITY = "iPhone Developer";
				COPY_PHASE_STRIP = NO;
				DEBUG_INFORMATION_FORMAT = "dwarf-with-dsym";
				ENABLE_NS_ASSERTIONS = NO;
				ENABLE_STRICT_OBJC_MSGSEND = YES;
				GCC_C_LANGUAGE_STANDARD = gnu11;
				GCC_NO_COMMON_BLOCKS = YES;
				GCC_WARN_64_TO_32_BIT_CONVERSION = YES;
				GCC_WARN_ABOUT_RETURN_TYPE = YES_ERROR;
				GCC_WARN_UNDECLARED_SELECTOR = YES;
				GCC_WARN_UNINITIALIZED_AUTOS = YES_AGGRESSIVE;
				GCC_WARN_UNUSED_FUNCTION = YES;
				GCC_WARN_UNUSED_VARIABLE = YES;
				IPHONEOS_DEPLOYMENT_TARGET = 11.4;
				MTL_ENABLE_DEBUG_INFO = NO;
				SDKROOT = iphoneos;
				SWIFT_COMPILATION_MODE = wholemodule;
				SWIFT_OPTIMIZATION_LEVEL = "-O";
				VALIDATE_PRODUCT = YES;
			};
			name = Release;
		};
		3280878821465E8700FB2C26 /* Debug */ = {
			isa = XCBuildConfiguration;
			buildSettings = {
				ASSETCATALOG_COMPILER_APPICON_NAME = AppIcon;
				CODE_SIGN_STYLE = Automatic;
				DEVELOPMENT_TEAM = EY9TK3T3Z2;
				INFOPLIST_FILE = SimplePhotoBrowser/Info.plist;
				LD_RUNPATH_SEARCH_PATHS = (
					"$(inherited)",
					"@executable_path/Frameworks",
				);
				PRODUCT_BUNDLE_IDENTIFIER = com.2Dfire.SimplePhotoBrowser;
				PRODUCT_NAME = "$(TARGET_NAME)";
				SWIFT_VERSION = 4.0;
				TARGETED_DEVICE_FAMILY = "1,2";
			};
			name = Debug;
		};
		3280878921465E8700FB2C26 /* Release */ = {
			isa = XCBuildConfiguration;
			buildSettings = {
				ASSETCATALOG_COMPILER_APPICON_NAME = AppIcon;
				CODE_SIGN_STYLE = Automatic;
				DEVELOPMENT_TEAM = EY9TK3T3Z2;
				INFOPLIST_FILE = SimplePhotoBrowser/Info.plist;
				LD_RUNPATH_SEARCH_PATHS = (
					"$(inherited)",
					"@executable_path/Frameworks",
				);
				PRODUCT_BUNDLE_IDENTIFIER = com.2Dfire.SimplePhotoBrowser;
				PRODUCT_NAME = "$(TARGET_NAME)";
				SWIFT_VERSION = 4.0;
				TARGETED_DEVICE_FAMILY = "1,2";
			};
			name = Release;
		};
		3280878B21465E8700FB2C26 /* Debug */ = {
			isa = XCBuildConfiguration;
			buildSettings = {
				ALWAYS_EMBED_SWIFT_STANDARD_LIBRARIES = YES;
				BUNDLE_LOADER = "$(TEST_HOST)";
				CODE_SIGN_STYLE = Automatic;
				DEVELOPMENT_TEAM = EY9TK3T3Z2;
				INFOPLIST_FILE = SimplePhotoBrowserTests/Info.plist;
				LD_RUNPATH_SEARCH_PATHS = (
					"$(inherited)",
					"@executable_path/Frameworks",
					"@loader_path/Frameworks",
				);
				PRODUCT_BUNDLE_IDENTIFIER = com.2Dfire.SimplePhotoBrowserTests;
				PRODUCT_NAME = "$(TARGET_NAME)";
				SWIFT_VERSION = 4.0;
				TARGETED_DEVICE_FAMILY = "1,2";
				TEST_HOST = "$(BUILT_PRODUCTS_DIR)/SimplePhotoBrowser.app/SimplePhotoBrowser";
			};
			name = Debug;
		};
		3280878C21465E8700FB2C26 /* Release */ = {
			isa = XCBuildConfiguration;
			buildSettings = {
				ALWAYS_EMBED_SWIFT_STANDARD_LIBRARIES = YES;
				BUNDLE_LOADER = "$(TEST_HOST)";
				CODE_SIGN_STYLE = Automatic;
				DEVELOPMENT_TEAM = EY9TK3T3Z2;
				INFOPLIST_FILE = SimplePhotoBrowserTests/Info.plist;
				LD_RUNPATH_SEARCH_PATHS = (
					"$(inherited)",
					"@executable_path/Frameworks",
					"@loader_path/Frameworks",
				);
				PRODUCT_BUNDLE_IDENTIFIER = com.2Dfire.SimplePhotoBrowserTests;
				PRODUCT_NAME = "$(TARGET_NAME)";
				SWIFT_VERSION = 4.0;
				TARGETED_DEVICE_FAMILY = "1,2";
				TEST_HOST = "$(BUILT_PRODUCTS_DIR)/SimplePhotoBrowser.app/SimplePhotoBrowser";
			};
			name = Release;
		};
		3280878E21465E8700FB2C26 /* Debug */ = {
			isa = XCBuildConfiguration;
			buildSettings = {
				ALWAYS_EMBED_SWIFT_STANDARD_LIBRARIES = YES;
				CODE_SIGN_STYLE = Automatic;
				DEVELOPMENT_TEAM = EY9TK3T3Z2;
				INFOPLIST_FILE = SimplePhotoBrowserUITests/Info.plist;
				LD_RUNPATH_SEARCH_PATHS = (
					"$(inherited)",
					"@executable_path/Frameworks",
					"@loader_path/Frameworks",
				);
				PRODUCT_BUNDLE_IDENTIFIER = com.2Dfire.SimplePhotoBrowserUITests;
				PRODUCT_NAME = "$(TARGET_NAME)";
				SWIFT_VERSION = 4.0;
				TARGETED_DEVICE_FAMILY = "1,2";
				TEST_TARGET_NAME = SimplePhotoBrowser;
			};
			name = Debug;
		};
		3280878F21465E8700FB2C26 /* Release */ = {
			isa = XCBuildConfiguration;
			buildSettings = {
				ALWAYS_EMBED_SWIFT_STANDARD_LIBRARIES = YES;
				CODE_SIGN_STYLE = Automatic;
				DEVELOPMENT_TEAM = EY9TK3T3Z2;
				INFOPLIST_FILE = SimplePhotoBrowserUITests/Info.plist;
				LD_RUNPATH_SEARCH_PATHS = (
					"$(inherited)",
					"@executable_path/Frameworks",
					"@loader_path/Frameworks",
				);
				PRODUCT_BUNDLE_IDENTIFIER = com.2Dfire.SimplePhotoBrowserUITests;
				PRODUCT_NAME = "$(TARGET_NAME)";
				SWIFT_VERSION = 4.0;
				TARGETED_DEVICE_FAMILY = "1,2";
				TEST_TARGET_NAME = SimplePhotoBrowser;
			};
			name = Release;
		};
/* End XCBuildConfiguration section */

/* Begin XCConfigurationList section */
		3280875A21465E8600FB2C26 /* Build configuration list for PBXProject "SimplePhotoBrowser" */ = {
			isa = XCConfigurationList;
			buildConfigurations = (
				3280878521465E8700FB2C26 /* Debug */,
				3280878621465E8700FB2C26 /* Release */,
			);
			defaultConfigurationIsVisible = 0;
			defaultConfigurationName = Release;
		};
		3280878721465E8700FB2C26 /* Build configuration list for PBXNativeTarget "SimplePhotoBrowser" */ = {
			isa = XCConfigurationList;
			buildConfigurations = (
				3280878821465E8700FB2C26 /* Debug */,
				3280878921465E8700FB2C26 /* Release */,
			);
			defaultConfigurationIsVisible = 0;
			defaultConfigurationName = Release;
		};
		3280878A21465E8700FB2C26 /* Build configuration list for PBXNativeTarget "SimplePhotoBrowserTests" */ = {
			isa = XCConfigurationList;
			buildConfigurations = (
				3280878B21465E8700FB2C26 /* Debug */,
				3280878C21465E8700FB2C26 /* Release */,
			);
			defaultConfigurationIsVisible = 0;
			defaultConfigurationName = Release;
		};
		3280878D21465E8700FB2C26 /* Build configuration list for PBXNativeTarget "SimplePhotoBrowserUITests" */ = {
			isa = XCConfigurationList;
			buildConfigurations = (
				3280878E21465E8700FB2C26 /* Debug */,
				3280878F21465E8700FB2C26 /* Release */,
			);
			defaultConfigurationIsVisible = 0;
			defaultConfigurationName = Release;
		};
/* End XCConfigurationList section */
	};
	rootObject = 3280875721465E8600FB2C26 /* Project object */;
}
