// !$*UTF8*$!
{
	archiveVersion = 1;
	classes = {
	};
	objectVersion = 50;
	objects = {

/* Begin PBXBuildFile section */
		3280879F214661B800FB2C26 /* AppDelegate.swift in Sources */ = {isa = PBXBuildFile; fileRef = 3280879E214661B800FB2C26 /* AppDelegate.swift */; };
		328087A1214661B800FB2C26 /* ViewController.swift in Sources */ = {isa = PBXBuildFile; fileRef = 328087A0214661B800FB2C26 /* ViewController.swift */; };
		328087A4214661B800FB2C26 /* Main.storyboard in Resources */ = {isa = PBXBuildFile; fileRef = 328087A2214661B800FB2C26 /* Main.storyboard */; };
		328087A6214661B900FB2C26 /* Assets.xcassets in Resources */ = {isa = PBXBuildFile; fileRef = 328087A5214661B900FB2C26 /* Assets.xcassets */; };
		328087A9214661B900FB2C26 /* LaunchScreen.storyboard in Resources */ = {isa = PBXBuildFile; fileRef = 328087A7214661B900FB2C26 /* LaunchScreen.storyboard */; };
		328087B4214661BA00FB2C26 /* Swipeable_CellTests.swift in Sources */ = {isa = PBXBuildFile; fileRef = 328087B3214661BA00FB2C26 /* Swipeable_CellTests.swift */; };
		328087BF214661BA00FB2C26 /* Swipeable_CellUITests.swift in Sources */ = {isa = PBXBuildFile; fileRef = 328087BE214661BA00FB2C26 /* Swipeable_CellUITests.swift */; };
/* End PBXBuildFile section */

/* Begin PBXContainerItemProxy section */
		328087B0214661BA00FB2C26 /* PBXContainerItemProxy */ = {
			isa = PBXContainerItemProxy;
			containerPortal = 32808793214661B800FB2C26 /* Project object */;
			proxyType = 1;
			remoteGlobalIDString = 3280879A214661B800FB2C26;
			remoteInfo = "Swipeable Cell";
		};
		328087BB214661BA00FB2C26 /* PBXContainerItemProxy */ = {
			isa = PBXContainerItemProxy;
			containerPortal = 32808793214661B800FB2C26 /* Project object */;
			proxyType = 1;
			remoteGlobalIDString = 3280879A214661B800FB2C26;
			remoteInfo = "Swipeable Cell";
		};
/* End PBXContainerItemProxy section */

/* Begin PBXFileReference section */
		3280879B214661B800FB2C26 /* Swipeable Cell.app */ = {isa = PBXFileReference; explicitFileType = wrapper.application; includeInIndex = 0; path = "Swipeable Cell.app"; sourceTree = BUILT_PRODUCTS_DIR; };
		3280879E214661B800FB2C26 /* AppDelegate.swift */ = {isa = PBXFileReference; lastKnownFileType = sourcecode.swift; path = AppDelegate.swift; sourceTree = "<group>"; };
		328087A0214661B800FB2C26 /* ViewController.swift */ = {isa = PBXFileReference; lastKnownFileType = sourcecode.swift; path = ViewController.swift; sourceTree = "<group>"; };
		328087A3214661B800FB2C26 /* Base */ = {isa = PBXFileReference; lastKnownFileType = file.storyboard; name = Base; path = Base.lproj/Main.storyboard; sourceTree = "<group>"; };
		328087A5214661B900FB2C26 /* Assets.xcassets */ = {isa = PBXFileReference; lastKnownFileType = folder.assetcatalog; path = Assets.xcassets; sourceTree = "<group>"; };
		328087A8214661B900FB2C26 /* Base */ = {isa = PBXFileReference; lastKnownFileType = file.storyboard; name = Base; path = Base.lproj/LaunchScreen.storyboard; sourceTree = "<group>"; };
		328087AA214661B900FB2C26 /* Info.plist */ = {isa = PBXFileReference; lastKnownFileType = text.plist.xml; path = Info.plist; sourceTree = "<group>"; };
		328087AF214661BA00FB2C26 /* Swipeable CellTests.xctest */ = {isa = PBXFileReference; explicitFileType = wrapper.cfbundle; includeInIndex = 0; path = "Swipeable CellTests.xctest"; sourceTree = BUILT_PRODUCTS_DIR; };
		328087B3214661BA00FB2C26 /* Swipeable_CellTests.swift */ = {isa = PBXFileReference; lastKnownFileType = sourcecode.swift; path = Swipeable_CellTests.swift; sourceTree = "<group>"; };
		328087B5214661BA00FB2C26 /* Info.plist */ = {isa = PBXFileReference; lastKnownFileType = text.plist.xml; path = Info.plist; sourceTree = "<group>"; };
		328087BA214661BA00FB2C26 /* Swipeable CellUITests.xctest */ = {isa = PBXFileReference; explicitFileType = wrapper.cfbundle; includeInIndex = 0; path = "Swipeable CellUITests.xctest"; sourceTree = BUILT_PRODUCTS_DIR; };
		328087BE214661BA00FB2C26 /* Swipeable_CellUITests.swift */ = {isa = PBXFileReference; lastKnownFileType = sourcecode.swift; path = Swipeable_CellUITests.swift; sourceTree = "<group>"; };
		328087C0214661BA00FB2C26 /* Info.plist */ = {isa = PBXFileReference; lastKnownFileType = text.plist.xml; path = Info.plist; sourceTree = "<group>"; };
/* End PBXFileReference section */

/* Begin PBXFrameworksBuildPhase section */
		32808798214661B800FB2C26 /* Frameworks */ = {
			isa = PBXFrameworksBuildPhase;
			buildActionMask = 2147483647;
			files = (
			);
			runOnlyForDeploymentPostprocessing = 0;
		};
		328087AC214661BA00FB2C26 /* Frameworks */ = {
			isa = PBXFrameworksBuildPhase;
			buildActionMask = 2147483647;
			files = (
			);
			runOnlyForDeploymentPostprocessing = 0;
		};
		328087B7214661BA00FB2C26 /* Frameworks */ = {
			isa = PBXFrameworksBuildPhase;
			buildActionMask = 2147483647;
			files = (
			);
			runOnlyForDeploymentPostprocessing = 0;
		};
/* End PBXFrameworksBuildPhase section */

/* Begin PBXGroup section */
		32808792214661B800FB2C26 = {
			isa = PBXGroup;
			children = (
				3280879D214661B800FB2C26 /* Swipeable Cell */,
				328087B2214661BA00FB2C26 /* Swipeable CellTests */,
				328087BD214661BA00FB2C26 /* Swipeable CellUITests */,
				3280879C214661B800FB2C26 /* Products */,
			);
			sourceTree = "<group>";
		};
		3280879C214661B800FB2C26 /* Products */ = {
			isa = PBXGroup;
			children = (
				3280879B214661B800FB2C26 /* Swipeable Cell.app */,
				328087AF214661BA00FB2C26 /* Swipeable CellTests.xctest */,
				328087BA214661BA00FB2C26 /* Swipeable CellUITests.xctest */,
			);
			name = Products;
			sourceTree = "<group>";
		};
		3280879D214661B800FB2C26 /* Swipeable Cell */ = {
			isa = PBXGroup;
			children = (
				3280879E214661B800FB2C26 /* AppDelegate.swift */,
				328087A0214661B800FB2C26 /* ViewController.swift */,
				328087A2214661B800FB2C26 /* Main.storyboard */,
				328087A5214661B900FB2C26 /* Assets.xcassets */,
				328087A7214661B900FB2C26 /* LaunchScreen.storyboard */,
				328087AA214661B900FB2C26 /* Info.plist */,
			);
			path = "Swipeable Cell";
			sourceTree = "<group>";
		};
		328087B2214661BA00FB2C26 /* Swipeable CellTests */ = {
			isa = PBXGroup;
			children = (
				328087B3214661BA00FB2C26 /* Swipeable_CellTests.swift */,
				328087B5214661BA00FB2C26 /* Info.plist */,
			);
			path = "Swipeable CellTests";
			sourceTree = "<group>";
		};
		328087BD214661BA00FB2C26 /* Swipeable CellUITests */ = {
			isa = PBXGroup;
			children = (
				328087BE214661BA00FB2C26 /* Swipeable_CellUITests.swift */,
				328087C0214661BA00FB2C26 /* Info.plist */,
			);
			path = "Swipeable CellUITests";
			sourceTree = "<group>";
		};
/* End PBXGroup section */

/* Begin PBXNativeTarget section */
		3280879A214661B800FB2C26 /* Swipeable Cell */ = {
			isa = PBXNativeTarget;
			buildConfigurationList = 328087C3214661BA00FB2C26 /* Build configuration list for PBXNativeTarget "Swipeable Cell" */;
			buildPhases = (
				32808797214661B800FB2C26 /* Sources */,
				32808798214661B800FB2C26 /* Frameworks */,
				32808799214661B800FB2C26 /* Resources */,
			);
			buildRules = (
			);
			dependencies = (
			);
			name = "Swipeable Cell";
			productName = "Swipeable Cell";
			productReference = 3280879B214661B800FB2C26 /* Swipeable Cell.app */;
			productType = "com.apple.product-type.application";
		};
		328087AE214661BA00FB2C26 /* Swipeable CellTests */ = {
			isa = PBXNativeTarget;
			buildConfigurationList = 328087C6214661BA00FB2C26 /* Build configuration list for PBXNativeTarget "Swipeable CellTests" */;
			buildPhases = (
				328087AB214661BA00FB2C26 /* Sources */,
				328087AC214661BA00FB2C26 /* Frameworks */,
				328087AD214661BA00FB2C26 /* Resources */,
			);
			buildRules = (
			);
			dependencies = (
				328087B1214661BA00FB2C26 /* PBXTargetDependency */,
			);
			name = "Swipeable CellTests";
			productName = "Swipeable CellTests";
			productReference = 328087AF214661BA00FB2C26 /* Swipeable CellTests.xctest */;
			productType = "com.apple.product-type.bundle.unit-test";
		};
		328087B9214661BA00FB2C26 /* Swipeable CellUITests */ = {
			isa = PBXNativeTarget;
			buildConfigurationList = 328087C9214661BA00FB2C26 /* Build configuration list for PBXNativeTarget "Swipeable CellUITests" */;
			buildPhases = (
				328087B6214661BA00FB2C26 /* Sources */,
				328087B7214661BA00FB2C26 /* Frameworks */,
				328087B8214661BA00FB2C26 /* Resources */,
			);
			buildRules = (
			);
			dependencies = (
				328087BC214661BA00FB2C26 /* PBXTargetDependency */,
			);
			name = "Swipeable CellUITests";
			productName = "Swipeable CellUITests";
			productReference = 328087BA214661BA00FB2C26 /* Swipeable CellUITests.xctest */;
			productType = "com.apple.product-type.bundle.ui-testing";
		};
/* End PBXNativeTarget section */

/* Begin PBXProject section */
		32808793214661B800FB2C26 /* Project object */ = {
			isa = PBXProject;
			attributes = {
				LastSwiftUpdateCheck = 0940;
				LastUpgradeCheck = 0940;
				ORGANIZATIONNAME = wangbo;
				TargetAttributes = {
					3280879A214661B800FB2C26 = {
						CreatedOnToolsVersion = 9.4.1;
					};
					328087AE214661BA00FB2C26 = {
						CreatedOnToolsVersion = 9.4.1;
						TestTargetID = 3280879A214661B800FB2C26;
					};
					328087B9214661BA00FB2C26 = {
						CreatedOnToolsVersion = 9.4.1;
						TestTargetID = 3280879A214661B800FB2C26;
					};
				};
			};
			buildConfigurationList = 32808796214661B800FB2C26 /* Build configuration list for PBXProject "Swipeable Cell" */;
			compatibilityVersion = "Xcode 9.3";
			developmentRegion = en;
			hasScannedForEncodings = 0;
			knownRegions = (
				en,
				Base,
			);
			mainGroup = 32808792214661B800FB2C26;
			productRefGroup = 3280879C214661B800FB2C26 /* Products */;
			projectDirPath = "";
			projectRoot = "";
			targets = (
				3280879A214661B800FB2C26 /* Swipeable Cell */,
				328087AE214661BA00FB2C26 /* Swipeable CellTests */,
				328087B9214661BA00FB2C26 /* Swipeable CellUITests */,
			);
		};
/* End PBXProject section */

/* Begin PBXResourcesBuildPhase section */
		32808799214661B800FB2C26 /* Resources */ = {
			isa = PBXResourcesBuildPhase;
			buildActionMask = 2147483647;
			files = (
				328087A9214661B900FB2C26 /* LaunchScreen.storyboard in Resources */,
				328087A6214661B900FB2C26 /* Assets.xcassets in Resources */,
				328087A4214661B800FB2C26 /* Main.storyboard in Resources */,
			);
			runOnlyForDeploymentPostprocessing = 0;
		};
		328087AD214661BA00FB2C26 /* Resources */ = {
			isa = PBXResourcesBuildPhase;
			buildActionMask = 2147483647;
			files = (
			);
			runOnlyForDeploymentPostprocessing = 0;
		};
		328087B8214661BA00FB2C26 /* Resources */ = {
			isa = PBXResourcesBuildPhase;
			buildActionMask = 2147483647;
			files = (
			);
			runOnlyForDeploymentPostprocessing = 0;
		};
/* End PBXResourcesBuildPhase section */

/* Begin PBXSourcesBuildPhase section */
		32808797214661B800FB2C26 /* Sources */ = {
			isa = PBXSourcesBuildPhase;
			buildActionMask = 2147483647;
			files = (
				328087A1214661B800FB2C26 /* ViewController.swift in Sources */,
				3280879F214661B800FB2C26 /* AppDelegate.swift in Sources */,
			);
			runOnlyForDeploymentPostprocessing = 0;
		};
		328087AB214661BA00FB2C26 /* Sources */ = {
			isa = PBXSourcesBuildPhase;
			buildActionMask = 2147483647;
			files = (
				328087B4214661BA00FB2C26 /* Swipeable_CellTests.swift in Sources */,
			);
			runOnlyForDeploymentPostprocessing = 0;
		};
		328087B6214661BA00FB2C26 /* Sources */ = {
			isa = PBXSourcesBuildPhase;
			buildActionMask = 2147483647;
			files = (
				328087BF214661BA00FB2C26 /* Swipeable_CellUITests.swift in Sources */,
			);
			runOnlyForDeploymentPostprocessing = 0;
		};
/* End PBXSourcesBuildPhase section */

/* Begin PBXTargetDependency section */
		328087B1214661BA00FB2C26 /* PBXTargetDependency */ = {
			isa = PBXTargetDependency;
			target = 3280879A214661B800FB2C26 /* Swipeable Cell */;
			targetProxy = 328087B0214661BA00FB2C26 /* PBXContainerItemProxy */;
		};
		328087BC214661BA00FB2C26 /* PBXTargetDependency */ = {
			isa = PBXTargetDependency;
			target = 3280879A214661B800FB2C26 /* Swipeable Cell */;
			targetProxy = 328087BB214661BA00FB2C26 /* PBXContainerItemProxy */;
		};
/* End PBXTargetDependency section */

/* Begin PBXVariantGroup section */
		328087A2214661B800FB2C26 /* Main.storyboard */ = {
			isa = PBXVariantGroup;
			children = (
				328087A3214661B800FB2C26 /* Base */,
			);
			name = Main.storyboard;
			sourceTree = "<group>";
		};
		328087A7214661B900FB2C26 /* LaunchScreen.storyboard */ = {
			isa = PBXVariantGroup;
			children = (
				328087A8214661B900FB2C26 /* Base */,
			);
			name = LaunchScreen.storyboard;
			sourceTree = "<group>";
		};
/* End PBXVariantGroup section */

/* Begin XCBuildConfiguration section */
		328087C1214661BA00FB2C26 /* Debug */ = {
			isa = XCBuildConfiguration;
			buildSettings = {
				ALWAYS_SEARCH_USER_PATHS = NO;
				CLANG_ANALYZER_NONNULL = YES;
				CLANG_ANALYZER_NUMBER_OBJECT_CONVERSION = YES_AGGRESSIVE;
				CLANG_CXX_LANGUAGE_STANDARD = "gnu++14";
				CLANG_CXX_LIBRARY = "libc++";
				CLANG_ENABLE_MODULES = YES;
				CLANG_ENABLE_OBJC_ARC = YES;
				CLANG_ENABLE_OBJC_WEAK = YES;
				CLANG_WARN_BLOCK_CAPTURE_AUTORELEASING = YES;
				CLANG_WARN_BOOL_CONVERSION = YES;
				CLANG_WARN_COMMA = YES;
				CLANG_WARN_CONSTANT_CONVERSION = YES;
				CLANG_WARN_DEPRECATED_OBJC_IMPLEMENTATIONS = YES;
				CLANG_WARN_DIRECT_OBJC_ISA_USAGE = YES_ERROR;
				CLANG_WARN_DOCUMENTATION_COMMENTS = YES;
				CLANG_WARN_EMPTY_BODY = YES;
				CLANG_WARN_ENUM_CONVERSION = YES;
				CLANG_WARN_INFINITE_RECURSION = YES;
				CLANG_WARN_INT_CONVERSION = YES;
				CLANG_WARN_NON_LITERAL_NULL_CONVERSION = YES;
				CLANG_WARN_OBJC_IMPLICIT_RETAIN_SELF = YES;
				CLANG_WARN_OBJC_LITERAL_CONVERSION = YES;
				CLANG_WARN_OBJC_ROOT_CLASS = YES_ERROR;
				CLANG_WARN_RANGE_LOOP_ANALYSIS = YES;
				CLANG_WARN_STRICT_PROTOTYPES = YES;
				CLANG_WARN_SUSPICIOUS_MOVE = YES;
				CLANG_WARN_UNGUARDED_AVAILABILITY = YES_AGGRESSIVE;
				CLANG_WARN_UNREACHABLE_CODE = YES;
				CLANG_WARN__DUPLICATE_METHOD_MATCH = YES;
				CODE_SIGN_IDENTITY = "iPhone Developer";
				COPY_PHASE_STRIP = NO;
				DEBUG_INFORMATION_FORMAT = dwarf;
				ENABLE_STRICT_OBJC_MSGSEND = YES;
				ENABLE_TESTABILITY = YES;
				GCC_C_LANGUAGE_STANDARD = gnu11;
				GCC_DYNAMIC_NO_PIC = NO;
				GCC_NO_COMMON_BLOCKS = YES;
				GCC_OPTIMIZATION_LEVEL = 0;
				GCC_PREPROCESSOR_DEFINITIONS = (
					"DEBUG=1",
					"$(inherited)",
				);
				GCC_WARN_64_TO_32_BIT_CONVERSION = YES;
				GCC_WARN_ABOUT_RETURN_TYPE = YES_ERROR;
				GCC_WARN_UNDECLARED_SELECTOR = YES;
				GCC_WARN_UNINITIALIZED_AUTOS = YES_AGGRESSIVE;
				GCC_WARN_UNUSED_FUNCTION = YES;
				GCC_WARN_UNUSED_VARIABLE = YES;
				IPHONEOS_DEPLOYMENT_TARGET = 11.4;
				MTL_ENABLE_DEBUG_INFO = YES;
				ONLY_ACTIVE_ARCH = YES;
				SDKROOT = iphoneos;
				SWIFT_ACTIVE_COMPILATION_CONDITIONS = DEBUG;
				SWIFT_OPTIMIZATION_LEVEL = "-Onone";
			};
			name = Debug;
		};
		328087C2214661BA00FB2C26 /* Release */ = {
			isa = XCBuildConfiguration;
			buildSettings = {
				ALWAYS_SEARCH_USER_PATHS = NO;
				CLANG_ANALYZER_NONNULL = YES;
				CLANG_ANALYZER_NUMBER_OBJECT_CONVERSION = YES_AGGRESSIVE;
				CLANG_CXX_LANGUAGE_STANDARD = "gnu++14";
				CLANG_CXX_LIBRARY = "libc++";
				CLANG_ENABLE_MODULES = YES;
				CLANG_ENABLE_OBJC_ARC = YES;
				CLANG_ENABLE_OBJC_WEAK = YES;
				CLANG_WARN_BLOCK_CAPTURE_AUTORELEASING = YES;
				CLANG_WARN_BOOL_CONVERSION = YES;
				CLANG_WARN_COMMA = YES;
				CLANG_WARN_CONSTANT_CONVERSION = YES;
				CLANG_WARN_DEPRECATED_OBJC_IMPLEMENTATIONS = YES;
				CLANG_WARN_DIRECT_OBJC_ISA_USAGE = YES_ERROR;
				CLANG_WARN_DOCUMENTATION_COMMENTS = YES;
				CLANG_WARN_EMPTY_BODY = YES;
				CLANG_WARN_ENUM_CONVERSION = YES;
				CLANG_WARN_INFINITE_RECURSION = YES;
				CLANG_WARN_INT_CONVERSION = YES;
				CLANG_WARN_NON_LITERAL_NULL_CONVERSION = YES;
				CLANG_WARN_OBJC_IMPLICIT_RETAIN_SELF = YES;
				CLANG_WARN_OBJC_LITERAL_CONVERSION = YES;
				CLANG_WARN_OBJC_ROOT_CLASS = YES_ERROR;
				CLANG_WARN_RANGE_LOOP_ANALYSIS = YES;
				CLANG_WARN_STRICT_PROTOTYPES = YES;
				CLANG_WARN_SUSPICIOUS_MOVE = YES;
				CLANG_WARN_UNGUARDED_AVAILABILITY = YES_AGGRESSIVE;
				CLANG_WARN_UNREACHABLE_CODE = YES;
				CLANG_WARN__DUPLICATE_METHOD_MATCH = YES;
				CODE_SIGN_IDENTITY = "iPhone Developer";
				COPY_PHASE_STRIP = NO;
				DEBUG_INFORMATION_FORMAT = "dwarf-with-dsym";
				ENABLE_NS_ASSERTIONS = NO;
				ENABLE_STRICT_OBJC_MSGSEND = YES;
				GCC_C_LANGUAGE_STANDARD = gnu11;
				GCC_NO_COMMON_BLOCKS = YES;
				GCC_WARN_64_TO_32_BIT_CONVERSION = YES;
				GCC_WARN_ABOUT_RETURN_TYPE = YES_ERROR;
				GCC_WARN_UNDECLARED_SELECTOR = YES;
				GCC_WARN_UNINITIALIZED_AUTOS = YES_AGGRESSIVE;
				GCC_WARN_UNUSED_FUNCTION = YES;
				GCC_WARN_UNUSED_VARIABLE = YES;
				IPHONEOS_DEPLOYMENT_TARGET = 11.4;
				MTL_ENABLE_DEBUG_INFO = NO;
				SDKROOT = iphoneos;
				SWIFT_COMPILATION_MODE = wholemodule;
				SWIFT_OPTIMIZATION_LEVEL = "-O";
				VALIDATE_PRODUCT = YES;
			};
			name = Release;
		};
		328087C4214661BA00FB2C26 /* Debug */ = {
			isa = XCBuildConfiguration;
			buildSettings = {
				ASSETCATALOG_COMPILER_APPICON_NAME = AppIcon;
				CODE_SIGN_STYLE = Automatic;
				DEVELOPMENT_TEAM = EY9TK3T3Z2;
				INFOPLIST_FILE = "Swipeable Cell/Info.plist";
				LD_RUNPATH_SEARCH_PATHS = (
					"$(inherited)",
					"@executable_path/Frameworks",
				);
				PRODUCT_BUNDLE_IDENTIFIER = "com.2Dfire.Swipeable-Cell";
				PRODUCT_NAME = "$(TARGET_NAME)";
				SWIFT_VERSION = 4.0;
				TARGETED_DEVICE_FAMILY = "1,2";
			};
			name = Debug;
		};
		328087C5214661BA00FB2C26 /* Release */ = {
			isa = XCBuildConfiguration;
			buildSettings = {
				ASSETCATALOG_COMPILER_APPICON_NAME = AppIcon;
				CODE_SIGN_STYLE = Automatic;
				DEVELOPMENT_TEAM = EY9TK3T3Z2;
				INFOPLIST_FILE = "Swipeable Cell/Info.plist";
				LD_RUNPATH_SEARCH_PATHS = (
					"$(inherited)",
					"@executable_path/Frameworks",
				);
				PRODUCT_BUNDLE_IDENTIFIER = "com.2Dfire.Swipeable-Cell";
				PRODUCT_NAME = "$(TARGET_NAME)";
				SWIFT_VERSION = 4.0;
				TARGETED_DEVICE_FAMILY = "1,2";
			};
			name = Release;
		};
		328087C7214661BA00FB2C26 /* Debug */ = {
			isa = XCBuildConfiguration;
			buildSettings = {
				ALWAYS_EMBED_SWIFT_STANDARD_LIBRARIES = YES;
				BUNDLE_LOADER = "$(TEST_HOST)";
				CODE_SIGN_STYLE = Automatic;
				DEVELOPMENT_TEAM = EY9TK3T3Z2;
				INFOPLIST_FILE = "Swipeable CellTests/Info.plist";
				LD_RUNPATH_SEARCH_PATHS = (
					"$(inherited)",
					"@executable_path/Frameworks",
					"@loader_path/Frameworks",
				);
				PRODUCT_BUNDLE_IDENTIFIER = "com.2Dfire.Swipeable-CellTests";
				PRODUCT_NAME = "$(TARGET_NAME)";
				SWIFT_VERSION = 4.0;
				TARGETED_DEVICE_FAMILY = "1,2";
				TEST_HOST = "$(BUILT_PRODUCTS_DIR)/Swipeable Cell.app/Swipeable Cell";
			};
			name = Debug;
		};
		328087C8214661BA00FB2C26 /* Release */ = {
			isa = XCBuildConfiguration;
			buildSettings = {
				ALWAYS_EMBED_SWIFT_STANDARD_LIBRARIES = YES;
				BUNDLE_LOADER = "$(TEST_HOST)";
				CODE_SIGN_STYLE = Automatic;
				DEVELOPMENT_TEAM = EY9TK3T3Z2;
				INFOPLIST_FILE = "Swipeable CellTests/Info.plist";
				LD_RUNPATH_SEARCH_PATHS = (
					"$(inherited)",
					"@executable_path/Frameworks",
					"@loader_path/Frameworks",
				);
				PRODUCT_BUNDLE_IDENTIFIER = "com.2Dfire.Swipeable-CellTests";
				PRODUCT_NAME = "$(TARGET_NAME)";
				SWIFT_VERSION = 4.0;
				TARGETED_DEVICE_FAMILY = "1,2";
				TEST_HOST = "$(BUILT_PRODUCTS_DIR)/Swipeable Cell.app/Swipeable Cell";
			};
			name = Release;
		};
		328087CA214661BA00FB2C26 /* Debug */ = {
			isa = XCBuildConfiguration;
			buildSettings = {
				ALWAYS_EMBED_SWIFT_STANDARD_LIBRARIES = YES;
				CODE_SIGN_STYLE = Automatic;
				DEVELOPMENT_TEAM = EY9TK3T3Z2;
				INFOPLIST_FILE = "Swipeable CellUITests/Info.plist";
				LD_RUNPATH_SEARCH_PATHS = (
					"$(inherited)",
					"@executable_path/Frameworks",
					"@loader_path/Frameworks",
				);
				PRODUCT_BUNDLE_IDENTIFIER = "com.2Dfire.Swipeable-CellUITests";
				PRODUCT_NAME = "$(TARGET_NAME)";
				SWIFT_VERSION = 4.0;
				TARGETED_DEVICE_FAMILY = "1,2";
				TEST_TARGET_NAME = "Swipeable Cell";
			};
			name = Debug;
		};
		328087CB214661BA00FB2C26 /* Release */ = {
			isa = XCBuildConfiguration;
			buildSettings = {
				ALWAYS_EMBED_SWIFT_STANDARD_LIBRARIES = YES;
				CODE_SIGN_STYLE = Automatic;
				DEVELOPMENT_TEAM = EY9TK3T3Z2;
				INFOPLIST_FILE = "Swipeable CellUITests/Info.plist";
				LD_RUNPATH_SEARCH_PATHS = (
					"$(inherited)",
					"@executable_path/Frameworks",
					"@loader_path/Frameworks",
				);
				PRODUCT_BUNDLE_IDENTIFIER = "com.2Dfire.Swipeable-CellUITests";
				PRODUCT_NAME = "$(TARGET_NAME)";
				SWIFT_VERSION = 4.0;
				TARGETED_DEVICE_FAMILY = "1,2";
				TEST_TARGET_NAME = "Swipeable Cell";
			};
			name = Release;
		};
/* End XCBuildConfiguration section */

/* Begin XCConfigurationList section */
		32808796214661B800FB2C26 /* Build configuration list for PBXProject "Swipeable Cell" */ = {
			isa = XCConfigurationList;
			buildConfigurations = (
				328087C1214661BA00FB2C26 /* Debug */,
				328087C2214661BA00FB2C26 /* Release */,
			);
			defaultConfigurationIsVisible = 0;
			defaultConfigurationName = Release;
		};
		328087C3214661BA00FB2C26 /* Build configuration list for PBXNativeTarget "Swipeable Cell" */ = {
			isa = XCConfigurationList;
			buildConfigurations = (
				328087C4214661BA00FB2C26 /* Debug */,
				328087C5214661BA00FB2C26 /* Release */,
			);
			defaultConfigurationIsVisible = 0;
			defaultConfigurationName = Release;
		};
		328087C6214661BA00FB2C26 /* Build configuration list for PBXNativeTarget "Swipeable CellTests" */ = {
			isa = XCConfigurationList;
			buildConfigurations = (
				328087C7214661BA00FB2C26 /* Debug */,
				328087C8214661BA00FB2C26 /* Release */,
			);
			defaultConfigurationIsVisible = 0;
			defaultConfigurationName = Release;
		};
		328087C9214661BA00FB2C26 /* Build configuration list for PBXNativeTarget "Swipeable CellUITests" */ = {
			isa = XCConfigurationList;
			buildConfigurations = (
				328087CA214661BA00FB2C26 /* Debug */,
				328087CB214661BA00FB2C26 /* Release */,
			);
			defaultConfigurationIsVisible = 0;
			defaultConfigurationName = Release;
		};
/* End XCConfigurationList section */
	};
	rootObject = 32808793214661B800FB2C26 /* Project object */;
}
